
Microsoft Visual Studio Solution File, Format Version 12.00
# Visual Studio Version 17
VisualStudioVersion = 17.10.35027.167
MinimumVisualStudioVersion = 10.0.40219.1
Project("{FAE04EC0-301F-11D3-BF4B-00C04F79EFBC}") = "PortFolyoProject", "PortFolyoProject\PortFolyoProject.csproj", "{FEF49001-130E-4B7D-AC86-3BD68949E3E6}"
EndProject
Global
	GlobalSection(SolutionConfigurationPlatforms) = preSolution
		Debug|Any CPU = Debug|Any CPU
		Release|Any CPU = Release|Any CPU
	EndGlobalSection
	GlobalSection(ProjectConfigurationPlatforms) = postSolution
		{FEF49001-130E-4B7D-AC86-3BD68949E3E6}.Debug|Any CPU.ActiveCfg = Debug|Any CPU
		{FEF49001-130E-4B7D-AC86-3BD68949E3E6}.Debug|Any CPU.Build.0 = Debug|Any CPU
		{FEF49001-130E-4B7D-AC86-3BD68949E3E6}.Release|Any CPU.ActiveCfg = Release|Any CPU
		{FEF49001-130E-4B7D-AC86-3BD68949E3E6}.Release|Any CPU.Build.0 = Release|Any CPU
	EndGlobalSection
	GlobalSection(SolutionProperties) = preSolution
		HideSolutionNode = FALSE
	EndGlobalSection
	GlobalSection(ExtensibilityGlobals) = postSolution
		SolutionGuid = {727837E8-FB32-43CB-A614-CD31A49AC308}
	EndGlobalSection
EndGlobal
